
Microsoft Visual Studio Solution File, Format Version 12.00
# Visual Studio Version 17
VisualStudioVersion = 17.10.35027.167
MinimumVisualStudioVersion = 10.0.40219.1
Project("{FAE04EC0-301F-11D3-BF4B-00C04F79EFBC}") = "UserDetails.Web", "UserDetails.Web\UserDetails.Web.csproj", "{002E27D5-9ADF-4544-8E33-0E31ECB08A7C}"
EndProject
Project("{FAE04EC0-301F-11D3-BF4B-00C04F79EFBC}") = "UserDetails.Data", "UserDetails.Data\UserDetails.Data.csproj", "{D37EF0AA-8F8A-496E-8577-5AC68651857B}"
EndProject
Global
	GlobalSection(SolutionConfigurationPlatforms) = preSolution
		Debug|Any CPU = Debug|Any CPU
		Release|Any CPU = Release|Any CPU
	EndGlobalSection
	GlobalSection(ProjectConfigurationPlatforms) = postSolution
		{002E27D5-9ADF-4544-8E33-0E31ECB08A7C}.Debug|Any CPU.ActiveCfg = Debug|Any CPU
		{002E27D5-9ADF-4544-8E33-0E31ECB08A7C}.Debug|Any CPU.Build.0 = Debug|Any CPU
		{002E27D5-9ADF-4544-8E33-0E31ECB08A7C}.Release|Any CPU.ActiveCfg = Release|Any CPU
		{002E27D5-9ADF-4544-8E33-0E31ECB08A7C}.Release|Any CPU.Build.0 = Release|Any CPU
		{D37EF0AA-8F8A-496E-8577-5AC68651857B}.Debug|Any CPU.ActiveCfg = Debug|Any CPU
		{D37EF0AA-8F8A-496E-8577-5AC68651857B}.Debug|Any CPU.Build.0 = Debug|Any CPU
		{D37EF0AA-8F8A-496E-8577-5AC68651857B}.Release|Any CPU.ActiveCfg = Release|Any CPU
		{D37EF0AA-8F8A-496E-8577-5AC68651857B}.Release|Any CPU.Build.0 = Release|Any CPU
	EndGlobalSection
	GlobalSection(SolutionProperties) = preSolution
		HideSolutionNode = FALSE
	EndGlobalSection
	GlobalSection(ExtensibilityGlobals) = postSolution
		SolutionGuid = {ACF03ED6-23E7-454B-9503-16EF5ED14415}
	EndGlobalSection
EndGlobal
